// !$*UTF8*$!
{
	archiveVersion = 1;
	classes = {
	};
	objectVersion = 50;
	objects = {

/* Begin PBXBuildFile section */
		0778F0E7225E023E00820327 /* Wait.storyboard in Resources */ = {isa = PBXBuildFile; fileRef = 0778F0CE225E023E00820327 /* Wait.storyboard */; };
		0778F0E8225E023E00820327 /* WaitPresenter.swift in Sources */ = {isa = PBXBuildFile; fileRef = 0778F0CF225E023E00820327 /* WaitPresenter.swift */; };
		0778F0E9225E023E00820327 /* WaitViewController.swift in Sources */ = {isa = PBXBuildFile; fileRef = 0778F0D0225E023E00820327 /* WaitViewController.swift */; };
		0778F0EA225E023E00820327 /* OverlayViewController.swift in Sources */ = {isa = PBXBuildFile; fileRef = 0778F0D1225E023E00820327 /* OverlayViewController.swift */; };
		0778F0EB225E023E00820327 /* CustomBaseControl.swift in Sources */ = {isa = PBXBuildFile; fileRef = 0778F0D3225E023E00820327 /* CustomBaseControl.swift */; };
		0778F0EC225E023E00820327 /* MVVM.swift in Sources */ = {isa = PBXBuildFile; fileRef = 0778F0D4225E023E00820327 /* MVVM.swift */; };
		0778F0ED225E023E00820327 /* AppError.swift in Sources */ = {isa = PBXBuildFile; fileRef = 0778F0D5225E023E00820327 /* AppError.swift */; };
		0778F0EE225E023E00820327 /* MVP.swift in Sources */ = {isa = PBXBuildFile; fileRef = 0778F0D6225E023E00820327 /* MVP.swift */; };
		0778F0EF225E023E00820327 /* BaseMVVMViewController.swift in Sources */ = {isa = PBXBuildFile; fileRef = 0778F0D8225E023E00820327 /* BaseMVVMViewController.swift */; };
		0778F0F0225E023E00820327 /* BaseMVVMViewModel.swift in Sources */ = {isa = PBXBuildFile; fileRef = 0778F0D9225E023E00820327 /* BaseMVVMViewModel.swift */; };
		0778F0F1225E023E00820327 /* BaseMVVMCoordinator.swift in Sources */ = {isa = PBXBuildFile; fileRef = 0778F0DA225E023E00820327 /* BaseMVVMCoordinator.swift */; };
		0778F0F2225E023E00820327 /* BaseMVVMTabViewController.swift in Sources */ = {isa = PBXBuildFile; fileRef = 0778F0DB225E023E00820327 /* BaseMVVMTabViewController.swift */; };
		0778F0F4225E023E00820327 /* XCGLogger+cl.swift in Sources */ = {isa = PBXBuildFile; fileRef = 0778F0DE225E023E00820327 /* XCGLogger+cl.swift */; };
		0778F0F5225E023E00820327 /* UIResponder+cl.swift in Sources */ = {isa = PBXBuildFile; fileRef = 0778F0DF225E023E00820327 /* UIResponder+cl.swift */; };
		0778F0F6225E023E00820327 /* UIApplication+cl.swift in Sources */ = {isa = PBXBuildFile; fileRef = 0778F0E0225E023E00820327 /* UIApplication+cl.swift */; };
		0778F0F7225E023E00820327 /* UITextField+rx.swift in Sources */ = {isa = PBXBuildFile; fileRef = 0778F0E1225E023E00820327 /* UITextField+rx.swift */; };
		0778F0F8225E023E00820327 /* UIViewController+cl.swift in Sources */ = {isa = PBXBuildFile; fileRef = 0778F0E2225E023E00820327 /* UIViewController+cl.swift */; };
		0778F0F9225E023E00820327 /* BaseSettings.swift in Sources */ = {isa = PBXBuildFile; fileRef = 0778F0E4225E023E00820327 /* BaseSettings.swift */; };
		0778F0FA225E023E00820327 /* Settings.swift in Sources */ = {isa = PBXBuildFile; fileRef = 0778F0E6225E023E00820327 /* Settings.swift */; };
		0778F0FF225E13AF00820327 /* AppCoordinator.swift in Sources */ = {isa = PBXBuildFile; fileRef = 0778F0FE225E13AF00820327 /* AppCoordinator.swift */; };
		0778F102225E1B2700820327 /* AppManagers.swift in Sources */ = {isa = PBXBuildFile; fileRef = 0778F100225E1B2700820327 /* AppManagers.swift */; };
		0778F103225E1B2700820327 /* AppManagersConsumer.swift in Sources */ = {isa = PBXBuildFile; fileRef = 0778F101225E1B2700820327 /* AppManagersConsumer.swift */; };
		0778F106225E1BA600820327 /* R.generated.swift in Sources */ = {isa = PBXBuildFile; fileRef = 0778F105225E1BA600820327 /* R.generated.swift */; };
		0778F108225E1BD500820327 /* Loc.strings in Resources */ = {isa = PBXBuildFile; fileRef = 0778F107225E1BD500820327 /* Loc.strings */; };
		0778F116225E1CC700820327 /* MoviesListCoordinator.swift in Sources */ = {isa = PBXBuildFile; fileRef = 0778F112225E1CC700820327 /* MoviesListCoordinator.swift */; };
		0778F118225E1CC700820327 /* MoviesListViewController.swift in Sources */ = {isa = PBXBuildFile; fileRef = 0778F114225E1CC700820327 /* MoviesListViewController.swift */; };
		0778F119225E1CC700820327 /* MoviesListViewModel.swift in Sources */ = {isa = PBXBuildFile; fileRef = 0778F115225E1CC700820327 /* MoviesListViewModel.swift */; };
		0778F11B225E211C00820327 /* LaunchScreen.storyboard in Resources */ = {isa = PBXBuildFile; fileRef = 0778F11A225E211C00820327 /* LaunchScreen.storyboard */; };
		07D851A2225DF86B003709E8 /* AppDelegate.swift in Sources */ = {isa = PBXBuildFile; fileRef = 07D851A1225DF86B003709E8 /* AppDelegate.swift */; };
		07D851A9225DF86D003709E8 /* Assets.xcassets in Resources */ = {isa = PBXBuildFile; fileRef = 07D851A8225DF86D003709E8 /* Assets.xcassets */; };
		07D851B7225DF86D003709E8 /* MoviesViewerTests.swift in Sources */ = {isa = PBXBuildFile; fileRef = 07D851B6225DF86D003709E8 /* MoviesViewerTests.swift */; };
		49AE07A57EB0D9A86031327A /* Pods_MoviesViewer.framework in Frameworks */ = {isa = PBXBuildFile; fileRef = 6532DDA9A1360A0822194EFD /* Pods_MoviesViewer.framework */; };
		DC60F51697B1E49A94A7CAB2 /* Pods_MoviesViewerTests.framework in Frameworks */ = {isa = PBXBuildFile; fileRef = A0C972C2732396371E62ECC2 /* Pods_MoviesViewerTests.framework */; };
/* End PBXBuildFile section */

/* Begin PBXContainerItemProxy section */
		07D851B3225DF86D003709E8 /* PBXContainerItemProxy */ = {
			isa = PBXContainerItemProxy;
			containerPortal = 07D85196225DF86B003709E8 /* Project object */;
			proxyType = 1;
			remoteGlobalIDString = 07D8519D225DF86B003709E8;
			remoteInfo = MoviesViewer;
		};
/* End PBXContainerItemProxy section */

/* Begin PBXFileReference section */
		0778F0CE225E023E00820327 /* Wait.storyboard */ = {isa = PBXFileReference; fileEncoding = 4; lastKnownFileType = file.storyboard; path = Wait.storyboard; sourceTree = "<group>"; };
		0778F0CF225E023E00820327 /* WaitPresenter.swift */ = {isa = PBXFileReference; fileEncoding = 4; lastKnownFileType = sourcecode.swift; path = WaitPresenter.swift; sourceTree = "<group>"; };
		0778F0D0225E023E00820327 /* WaitViewController.swift */ = {isa = PBXFileReference; fileEncoding = 4; lastKnownFileType = sourcecode.swift; path = WaitViewController.swift; sourceTree = "<group>"; };
		0778F0D1225E023E00820327 /* OverlayViewController.swift */ = {isa = PBXFileReference; fileEncoding = 4; lastKnownFileType = sourcecode.swift; path = OverlayViewController.swift; sourceTree = "<group>"; };
		0778F0D3225E023E00820327 /* CustomBaseControl.swift */ = {isa = PBXFileReference; fileEncoding = 4; lastKnownFileType = sourcecode.swift; path = CustomBaseControl.swift; sourceTree = "<group>"; };
		0778F0D4225E023E00820327 /* MVVM.swift */ = {isa = PBXFileReference; fileEncoding = 4; lastKnownFileType = sourcecode.swift; path = MVVM.swift; sourceTree = "<group>"; };
		0778F0D5225E023E00820327 /* AppError.swift */ = {isa = PBXFileReference; fileEncoding = 4; lastKnownFileType = sourcecode.swift; path = AppError.swift; sourceTree = "<group>"; };
		0778F0D6225E023E00820327 /* MVP.swift */ = {isa = PBXFileReference; fileEncoding = 4; lastKnownFileType = sourcecode.swift; path = MVP.swift; sourceTree = "<group>"; };
		0778F0D8225E023E00820327 /* BaseMVVMViewController.swift */ = {isa = PBXFileReference; fileEncoding = 4; lastKnownFileType = sourcecode.swift; path = BaseMVVMViewController.swift; sourceTree = "<group>"; };
		0778F0D9225E023E00820327 /* BaseMVVMViewModel.swift */ = {isa = PBXFileReference; fileEncoding = 4; lastKnownFileType = sourcecode.swift; path = BaseMVVMViewModel.swift; sourceTree = "<group>"; };
		0778F0DA225E023E00820327 /* BaseMVVMCoordinator.swift */ = {isa = PBXFileReference; fileEncoding = 4; lastKnownFileType = sourcecode.swift; path = BaseMVVMCoordinator.swift; sourceTree = "<group>"; };
		0778F0DB225E023E00820327 /* BaseMVVMTabViewController.swift */ = {isa = PBXFileReference; fileEncoding = 4; lastKnownFileType = sourcecode.swift; path = BaseMVVMTabViewController.swift; sourceTree = "<group>"; };
		0778F0DE225E023E00820327 /* XCGLogger+cl.swift */ = {isa = PBXFileReference; fileEncoding = 4; lastKnownFileType = sourcecode.swift; path = "XCGLogger+cl.swift"; sourceTree = "<group>"; };
		0778F0DF225E023E00820327 /* UIResponder+cl.swift */ = {isa = PBXFileReference; fileEncoding = 4; lastKnownFileType = sourcecode.swift; path = "UIResponder+cl.swift"; sourceTree = "<group>"; };
		0778F0E0225E023E00820327 /* UIApplication+cl.swift */ = {isa = PBXFileReference; fileEncoding = 4; lastKnownFileType = sourcecode.swift; path = "UIApplication+cl.swift"; sourceTree = "<group>"; };
		0778F0E1225E023E00820327 /* UITextField+rx.swift */ = {isa = PBXFileReference; fileEncoding = 4; lastKnownFileType = sourcecode.swift; path = "UITextField+rx.swift"; sourceTree = "<group>"; };
		0778F0E2225E023E00820327 /* UIViewController+cl.swift */ = {isa = PBXFileReference; fileEncoding = 4; lastKnownFileType = sourcecode.swift; path = "UIViewController+cl.swift"; sourceTree = "<group>"; };
		0778F0E4225E023E00820327 /* BaseSettings.swift */ = {isa = PBXFileReference; fileEncoding = 4; lastKnownFileType = sourcecode.swift; path = BaseSettings.swift; sourceTree = "<group>"; };
		0778F0E6225E023E00820327 /* Settings.swift */ = {isa = PBXFileReference; fileEncoding = 4; lastKnownFileType = sourcecode.swift; path = Settings.swift; sourceTree = "<group>"; };
		0778F0FE225E13AF00820327 /* AppCoordinator.swift */ = {isa = PBXFileReference; fileEncoding = 4; lastKnownFileType = sourcecode.swift; path = AppCoordinator.swift; sourceTree = "<group>"; };
		0778F100225E1B2700820327 /* AppManagers.swift */ = {isa = PBXFileReference; fileEncoding = 4; lastKnownFileType = sourcecode.swift; path = AppManagers.swift; sourceTree = "<group>"; };
		0778F101225E1B2700820327 /* AppManagersConsumer.swift */ = {isa = PBXFileReference; fileEncoding = 4; lastKnownFileType = sourcecode.swift; path = AppManagersConsumer.swift; sourceTree = "<group>"; };
		0778F105225E1BA600820327 /* R.generated.swift */ = {isa = PBXFileReference; fileEncoding = 4; lastKnownFileType = sourcecode.swift; path = R.generated.swift; sourceTree = "<group>"; };
		0778F107225E1BD500820327 /* Loc.strings */ = {isa = PBXFileReference; lastKnownFileType = text.plist.strings; path = Loc.strings; sourceTree = "<group>"; };
		0778F112225E1CC700820327 /* MoviesListCoordinator.swift */ = {isa = PBXFileReference; fileEncoding = 4; lastKnownFileType = sourcecode.swift; path = MoviesListCoordinator.swift; sourceTree = "<group>"; };
		0778F114225E1CC700820327 /* MoviesListViewController.swift */ = {isa = PBXFileReference; fileEncoding = 4; lastKnownFileType = sourcecode.swift; path = MoviesListViewController.swift; sourceTree = "<group>"; };
		0778F115225E1CC700820327 /* MoviesListViewModel.swift */ = {isa = PBXFileReference; fileEncoding = 4; lastKnownFileType = sourcecode.swift; path = MoviesListViewModel.swift; sourceTree = "<group>"; };
		0778F11A225E211C00820327 /* LaunchScreen.storyboard */ = {isa = PBXFileReference; fileEncoding = 4; lastKnownFileType = file.storyboard; path = LaunchScreen.storyboard; sourceTree = "<group>"; };
		07D8519E225DF86B003709E8 /* MoviesViewer.app */ = {isa = PBXFileReference; explicitFileType = wrapper.application; includeInIndex = 0; path = MoviesViewer.app; sourceTree = BUILT_PRODUCTS_DIR; };
		07D851A1225DF86B003709E8 /* AppDelegate.swift */ = {isa = PBXFileReference; lastKnownFileType = sourcecode.swift; path = AppDelegate.swift; sourceTree = "<group>"; };
		07D851A8225DF86D003709E8 /* Assets.xcassets */ = {isa = PBXFileReference; lastKnownFileType = folder.assetcatalog; path = Assets.xcassets; sourceTree = "<group>"; };
		07D851AD225DF86D003709E8 /* Info.plist */ = {isa = PBXFileReference; lastKnownFileType = text.plist.xml; path = Info.plist; sourceTree = "<group>"; };
		07D851B2225DF86D003709E8 /* MoviesViewerTests.xctest */ = {isa = PBXFileReference; explicitFileType = wrapper.cfbundle; includeInIndex = 0; path = MoviesViewerTests.xctest; sourceTree = BUILT_PRODUCTS_DIR; };
		07D851B6225DF86D003709E8 /* MoviesViewerTests.swift */ = {isa = PBXFileReference; lastKnownFileType = sourcecode.swift; path = MoviesViewerTests.swift; sourceTree = "<group>"; };
		07D851B8225DF86D003709E8 /* Info.plist */ = {isa = PBXFileReference; lastKnownFileType = text.plist.xml; path = Info.plist; sourceTree = "<group>"; };
		3FAF684C7E51F4CA63D3FFE9 /* Pods-MoviesViewerTests.release.xcconfig */ = {isa = PBXFileReference; includeInIndex = 1; lastKnownFileType = text.xcconfig; name = "Pods-MoviesViewerTests.release.xcconfig"; path = "Pods/Target Support Files/Pods-MoviesViewerTests/Pods-MoviesViewerTests.release.xcconfig"; sourceTree = "<group>"; };
		5A2DDF6D89CF7BD234130892 /* Pods-MoviesViewer.debug.xcconfig */ = {isa = PBXFileReference; includeInIndex = 1; lastKnownFileType = text.xcconfig; name = "Pods-MoviesViewer.debug.xcconfig"; path = "Pods/Target Support Files/Pods-MoviesViewer/Pods-MoviesViewer.debug.xcconfig"; sourceTree = "<group>"; };
		5E81D968BCB7255E1F48BB3C /* Pods-MoviesViewer.release.xcconfig */ = {isa = PBXFileReference; includeInIndex = 1; lastKnownFileType = text.xcconfig; name = "Pods-MoviesViewer.release.xcconfig"; path = "Pods/Target Support Files/Pods-MoviesViewer/Pods-MoviesViewer.release.xcconfig"; sourceTree = "<group>"; };
		6532DDA9A1360A0822194EFD /* Pods_MoviesViewer.framework */ = {isa = PBXFileReference; explicitFileType = wrapper.framework; includeInIndex = 0; path = Pods_MoviesViewer.framework; sourceTree = BUILT_PRODUCTS_DIR; };
		A0C972C2732396371E62ECC2 /* Pods_MoviesViewerTests.framework */ = {isa = PBXFileReference; explicitFileType = wrapper.framework; includeInIndex = 0; path = Pods_MoviesViewerTests.framework; sourceTree = BUILT_PRODUCTS_DIR; };
		CC7E989492EB69239C29E30F /* Pods-MoviesViewerTests.debug.xcconfig */ = {isa = PBXFileReference; includeInIndex = 1; lastKnownFileType = text.xcconfig; name = "Pods-MoviesViewerTests.debug.xcconfig"; path = "Pods/Target Support Files/Pods-MoviesViewerTests/Pods-MoviesViewerTests.debug.xcconfig"; sourceTree = "<group>"; };
/* End PBXFileReference section */

/* Begin PBXFrameworksBuildPhase section */
		07D8519B225DF86B003709E8 /* Frameworks */ = {
			isa = PBXFrameworksBuildPhase;
			buildActionMask = 2147483647;
			files = (
				49AE07A57EB0D9A86031327A /* Pods_MoviesViewer.framework in Frameworks */,
			);
			runOnlyForDeploymentPostprocessing = 0;
		};
		07D851AF225DF86D003709E8 /* Frameworks */ = {
			isa = PBXFrameworksBuildPhase;
			buildActionMask = 2147483647;
			files = (
				DC60F51697B1E49A94A7CAB2 /* Pods_MoviesViewerTests.framework in Frameworks */,
			);
			runOnlyForDeploymentPostprocessing = 0;
		};
/* End PBXFrameworksBuildPhase section */

/* Begin PBXGroup section */
		0778F0CB225E023E00820327 /* Common */ = {
			isa = PBXGroup;
			children = (
				0778F0CC225E023E00820327 /* UI */,
				0778F0D4225E023E00820327 /* MVVM.swift */,
				0778F0D5225E023E00820327 /* AppError.swift */,
				0778F0D6225E023E00820327 /* MVP.swift */,
				0778F0D7225E023E00820327 /* MVVM */,
			);
			path = Common;
			sourceTree = "<group>";
		};
		0778F0CC225E023E00820327 /* UI */ = {
			isa = PBXGroup;
			children = (
				0778F0CD225E023E00820327 /* Wait */,
				0778F0D1225E023E00820327 /* OverlayViewController.swift */,
				0778F0D2225E023E00820327 /* Controls */,
			);
			path = UI;
			sourceTree = "<group>";
		};
		0778F0CD225E023E00820327 /* Wait */ = {
			isa = PBXGroup;
			children = (
				0778F0CE225E023E00820327 /* Wait.storyboard */,
				0778F0CF225E023E00820327 /* WaitPresenter.swift */,
				0778F0D0225E023E00820327 /* WaitViewController.swift */,
			);
			path = Wait;
			sourceTree = "<group>";
		};
		0778F0D2225E023E00820327 /* Controls */ = {
			isa = PBXGroup;
			children = (
				0778F0D3225E023E00820327 /* CustomBaseControl.swift */,
			);
			path = Controls;
			sourceTree = "<group>";
		};
		0778F0D7225E023E00820327 /* MVVM */ = {
			isa = PBXGroup;
			children = (
				0778F0D8225E023E00820327 /* BaseMVVMViewController.swift */,
				0778F0D9225E023E00820327 /* BaseMVVMViewModel.swift */,
				0778F0DA225E023E00820327 /* BaseMVVMCoordinator.swift */,
				0778F0DB225E023E00820327 /* BaseMVVMTabViewController.swift */,
			);
			path = MVVM;
			sourceTree = "<group>";
		};
		0778F0DD225E023E00820327 /* Extensions */ = {
			isa = PBXGroup;
			children = (
				0778F0DE225E023E00820327 /* XCGLogger+cl.swift */,
				0778F0DF225E023E00820327 /* UIResponder+cl.swift */,
				0778F0E0225E023E00820327 /* UIApplication+cl.swift */,
				0778F0E1225E023E00820327 /* UITextField+rx.swift */,
				0778F0E2225E023E00820327 /* UIViewController+cl.swift */,
			);
			path = Extensions;
			sourceTree = "<group>";
		};
		0778F0E3225E023E00820327 /* Environment */ = {
			isa = PBXGroup;
			children = (
				0778F0E4225E023E00820327 /* BaseSettings.swift */,
				0778F0E5225E023E00820327 /* Dev */,
			);
			path = Environment;
			sourceTree = "<group>";
		};
		0778F0E5225E023E00820327 /* Dev */ = {
			isa = PBXGroup;
			children = (
				0778F0E6225E023E00820327 /* Settings.swift */,
			);
			path = Dev;
			sourceTree = "<group>";
		};
		0778F0FB225E024700820327 /* Managers */ = {
			isa = PBXGroup;
			children = (
				0778F100225E1B2700820327 /* AppManagers.swift */,
				0778F101225E1B2700820327 /* AppManagersConsumer.swift */,
			);
			path = Managers;
			sourceTree = "<group>";
		};
		0778F0FC225E025000820327 /* Misc */ = {
			isa = PBXGroup;
			children = (
				0778F11A225E211C00820327 /* LaunchScreen.storyboard */,
				0778F107225E1BD500820327 /* Loc.strings */,
			);
			path = Misc;
			sourceTree = "<group>";
		};
		0778F0FD225E025700820327 /* Scenes */ = {
			isa = PBXGroup;
			children = (
				0778F111225E1CC700820327 /* MoviesList */,
			);
			path = Scenes;
			sourceTree = "<group>";
		};
		0778F111225E1CC700820327 /* MoviesList */ = {
			isa = PBXGroup;
			children = (
				0778F112225E1CC700820327 /* MoviesListCoordinator.swift */,
				0778F114225E1CC700820327 /* MoviesListViewController.swift */,
				0778F115225E1CC700820327 /* MoviesListViewModel.swift */,
			);
			path = MoviesList;
			sourceTree = "<group>";
		};
		07D85195225DF86B003709E8 = {
			isa = PBXGroup;
			children = (
				07D851A0225DF86B003709E8 /* MoviesViewer */,
				07D851B5225DF86D003709E8 /* MoviesViewerTests */,
				07D8519F225DF86B003709E8 /* Products */,
				1C29048BF074270DD8FA8136 /* Pods */,
				C8B6C3F29C2D0D4BAC21BDB9 /* Frameworks */,
			);
			sourceTree = "<group>";
		};
		07D8519F225DF86B003709E8 /* Products */ = {
			isa = PBXGroup;
			children = (
				07D8519E225DF86B003709E8 /* MoviesViewer.app */,
				07D851B2225DF86D003709E8 /* MoviesViewerTests.xctest */,
			);
			name = Products;
			sourceTree = "<group>";
		};
		07D851A0225DF86B003709E8 /* MoviesViewer */ = {
			isa = PBXGroup;
			children = (
				0778F0FC225E025000820327 /* Misc */,
				0778F0FB225E024700820327 /* Managers */,
				0778F0CB225E023E00820327 /* Common */,
				0778F0E3225E023E00820327 /* Environment */,
				0778F0DD225E023E00820327 /* Extensions */,
				0778F0FD225E025700820327 /* Scenes */,
				07D851A1225DF86B003709E8 /* AppDelegate.swift */,
				0778F105225E1BA600820327 /* R.generated.swift */,
				0778F0FE225E13AF00820327 /* AppCoordinator.swift */,
				07D851A8225DF86D003709E8 /* Assets.xcassets */,
				07D851AD225DF86D003709E8 /* Info.plist */,
			);
			path = MoviesViewer;
			sourceTree = "<group>";
		};
		07D851B5225DF86D003709E8 /* MoviesViewerTests */ = {
			isa = PBXGroup;
			children = (
				07D851B6225DF86D003709E8 /* MoviesViewerTests.swift */,
				07D851B8225DF86D003709E8 /* Info.plist */,
			);
			path = MoviesViewerTests;
			sourceTree = "<group>";
		};
		1C29048BF074270DD8FA8136 /* Pods */ = {
			isa = PBXGroup;
			children = (
				5A2DDF6D89CF7BD234130892 /* Pods-MoviesViewer.debug.xcconfig */,
				5E81D968BCB7255E1F48BB3C /* Pods-MoviesViewer.release.xcconfig */,
				CC7E989492EB69239C29E30F /* Pods-MoviesViewerTests.debug.xcconfig */,
				3FAF684C7E51F4CA63D3FFE9 /* Pods-MoviesViewerTests.release.xcconfig */,
			);
			name = Pods;
			sourceTree = "<group>";
		};
		C8B6C3F29C2D0D4BAC21BDB9 /* Frameworks */ = {
			isa = PBXGroup;
			children = (
				6532DDA9A1360A0822194EFD /* Pods_MoviesViewer.framework */,
				A0C972C2732396371E62ECC2 /* Pods_MoviesViewerTests.framework */,
			);
			name = Frameworks;
			sourceTree = "<group>";
		};
/* End PBXGroup section */

/* Begin PBXNativeTarget section */
		07D8519D225DF86B003709E8 /* MoviesViewer */ = {
			isa = PBXNativeTarget;
			buildConfigurationList = 07D851BB225DF86D003709E8 /* Build configuration list for PBXNativeTarget "MoviesViewer" */;
			buildPhases = (
				575609349D718C9BAC503F2B /* [CP] Check Pods Manifest.lock */,
				0778F104225E1B5B00820327 /* R.swift */,
				07D8519A225DF86B003709E8 /* Sources */,
				07D8519B225DF86B003709E8 /* Frameworks */,
				07D8519C225DF86B003709E8 /* Resources */,
				76DADBF4A8584C4685BF7C8C /* [CP] Embed Pods Frameworks */,
			);
			buildRules = (
			);
			dependencies = (
			);
			name = MoviesViewer;
			productName = MoviesViewer;
			productReference = 07D8519E225DF86B003709E8 /* MoviesViewer.app */;
			productType = "com.apple.product-type.application";
		};
		07D851B1225DF86D003709E8 /* MoviesViewerTests */ = {
			isa = PBXNativeTarget;
			buildConfigurationList = 07D851BE225DF86D003709E8 /* Build configuration list for PBXNativeTarget "MoviesViewerTests" */;
			buildPhases = (
				12BFFA6E8F4E46F60302756E /* [CP] Check Pods Manifest.lock */,
				07D851AE225DF86D003709E8 /* Sources */,
				07D851AF225DF86D003709E8 /* Frameworks */,
				07D851B0225DF86D003709E8 /* Resources */,
			);
			buildRules = (
			);
			dependencies = (
				07D851B4225DF86D003709E8 /* PBXTargetDependency */,
			);
			name = MoviesViewerTests;
			productName = MoviesViewerTests;
			productReference = 07D851B2225DF86D003709E8 /* MoviesViewerTests.xctest */;
			productType = "com.apple.product-type.bundle.unit-test";
		};
/* End PBXNativeTarget section */

/* Begin PBXProject section */
		07D85196225DF86B003709E8 /* Project object */ = {
			isa = PBXProject;
			attributes = {
				LastSwiftUpdateCheck = 1020;
				LastUpgradeCheck = 1020;
				ORGANIZATIONNAME = solocez;
				TargetAttributes = {
					07D8519D225DF86B003709E8 = {
						CreatedOnToolsVersion = 10.2;
					};
					07D851B1225DF86D003709E8 = {
						CreatedOnToolsVersion = 10.2;
						TestTargetID = 07D8519D225DF86B003709E8;
					};
				};
			};
			buildConfigurationList = 07D85199225DF86B003709E8 /* Build configuration list for PBXProject "MoviesViewer" */;
			compatibilityVersion = "Xcode 9.3";
			developmentRegion = en;
			hasScannedForEncodings = 0;
			knownRegions = (
				en,
				Base,
			);
			mainGroup = 07D85195225DF86B003709E8;
			productRefGroup = 07D8519F225DF86B003709E8 /* Products */;
			projectDirPath = "";
			projectRoot = "";
			targets = (
				07D8519D225DF86B003709E8 /* MoviesViewer */,
				07D851B1225DF86D003709E8 /* MoviesViewerTests */,
			);
		};
/* End PBXProject section */

/* Begin PBXResourcesBuildPhase section */
		07D8519C225DF86B003709E8 /* Resources */ = {
			isa = PBXResourcesBuildPhase;
			buildActionMask = 2147483647;
			files = (
				07D851A9225DF86D003709E8 /* Assets.xcassets in Resources */,
				0778F108225E1BD500820327 /* Loc.strings in Resources */,
				0778F11B225E211C00820327 /* LaunchScreen.storyboard in Resources */,
				0778F0E7225E023E00820327 /* Wait.storyboard in Resources */,
			);
			runOnlyForDeploymentPostprocessing = 0;
		};
		07D851B0225DF86D003709E8 /* Resources */ = {
			isa = PBXResourcesBuildPhase;
			buildActionMask = 2147483647;
			files = (
			);
			runOnlyForDeploymentPostprocessing = 0;
		};
/* End PBXResourcesBuildPhase section */

/* Begin PBXShellScriptBuildPhase section */
		0778F104225E1B5B00820327 /* R.swift */ = {
			isa = PBXShellScriptBuildPhase;
			buildActionMask = 2147483647;
			files = (
			);
			inputFileListPaths = (
			);
			inputPaths = (
				"$TEMP_DIR/rswift-lastrun",
			);
			name = R.swift;
			outputFileListPaths = (
			);
			outputPaths = (
				$SRCROOT/$PROJECT_NAME/R.generated.swift,
			);
			runOnlyForDeploymentPostprocessing = 0;
			shellPath = /bin/sh;
			shellScript = "# Type a script or drag a script file from your workspace to insert its path.\n\"$PODS_ROOT/R.swift/rswift\" generate \"$SRCROOT/$PROJECT_NAME/R.generated.swift\"\n";
		};
		12BFFA6E8F4E46F60302756E /* [CP] Check Pods Manifest.lock */ = {
			isa = PBXShellScriptBuildPhase;
			buildActionMask = 2147483647;
			files = (
			);
			inputFileListPaths = (
			);
			inputPaths = (
				"${PODS_PODFILE_DIR_PATH}/Podfile.lock",
				"${PODS_ROOT}/Manifest.lock",
			);
			name = "[CP] Check Pods Manifest.lock";
			outputFileListPaths = (
			);
			outputPaths = (
				"$(DERIVED_FILE_DIR)/Pods-MoviesViewerTests-checkManifestLockResult.txt",
			);
			runOnlyForDeploymentPostprocessing = 0;
			shellPath = /bin/sh;
			shellScript = "diff \"${PODS_PODFILE_DIR_PATH}/Podfile.lock\" \"${PODS_ROOT}/Manifest.lock\" > /dev/null\nif [ $? != 0 ] ; then\n    # print error to STDERR\n    echo \"error: The sandbox is not in sync with the Podfile.lock. Run 'pod install' or update your CocoaPods installation.\" >&2\n    exit 1\nfi\n# This output is used by Xcode 'outputs' to avoid re-running this script phase.\necho \"SUCCESS\" > \"${SCRIPT_OUTPUT_FILE_0}\"\n";
			showEnvVarsInLog = 0;
		};
		575609349D718C9BAC503F2B /* [CP] Check Pods Manifest.lock */ = {
			isa = PBXShellScriptBuildPhase;
			buildActionMask = 2147483647;
			files = (
			);
			inputFileListPaths = (
			);
			inputPaths = (
				"${PODS_PODFILE_DIR_PATH}/Podfile.lock",
				"${PODS_ROOT}/Manifest.lock",
			);
			name = "[CP] Check Pods Manifest.lock";
			outputFileListPaths = (
			);
			outputPaths = (
				"$(DERIVED_FILE_DIR)/Pods-MoviesViewer-checkManifestLockResult.txt",
			);
			runOnlyForDeploymentPostprocessing = 0;
			shellPath = /bin/sh;
			shellScript = "diff \"${PODS_PODFILE_DIR_PATH}/Podfile.lock\" \"${PODS_ROOT}/Manifest.lock\" > /dev/null\nif [ $? != 0 ] ; then\n    # print error to STDERR\n    echo \"error: The sandbox is not in sync with the Podfile.lock. Run 'pod install' or update your CocoaPods installation.\" >&2\n    exit 1\nfi\n# This output is used by Xcode 'outputs' to avoid re-running this script phase.\necho \"SUCCESS\" > \"${SCRIPT_OUTPUT_FILE_0}\"\n";
			showEnvVarsInLog = 0;
		};
		76DADBF4A8584C4685BF7C8C /* [CP] Embed Pods Frameworks */ = {
			isa = PBXShellScriptBuildPhase;
			buildActionMask = 2147483647;
			files = (
			);
			inputFileListPaths = (
			);
			inputPaths = (
				"${SRCROOT}/Pods/Target Support Files/Pods-MoviesViewer/Pods-MoviesViewer-frameworks.sh",
				"${BUILT_PRODUCTS_DIR}/Action/Action.framework",
				"${BUILT_PRODUCTS_DIR}/Alamofire/Alamofire.framework",
				"${BUILT_PRODUCTS_DIR}/AlamofireImage/AlamofireImage.framework",
				"${BUILT_PRODUCTS_DIR}/ObjcExceptionBridging/ObjcExceptionBridging.framework",
				"${BUILT_PRODUCTS_DIR}/R.swift.Library/Rswift.framework",
				"${BUILT_PRODUCTS_DIR}/RxCocoa/RxCocoa.framework",
				"${BUILT_PRODUCTS_DIR}/RxGesture/RxGesture.framework",
				"${BUILT_PRODUCTS_DIR}/RxSwift/RxSwift.framework",
				"${BUILT_PRODUCTS_DIR}/SnapKit/SnapKit.framework",
				"${BUILT_PRODUCTS_DIR}/XCGLogger/XCGLogger.framework",
			);
			name = "[CP] Embed Pods Frameworks";
			outputFileListPaths = (
			);
			outputPaths = (
				"${TARGET_BUILD_DIR}/${FRAMEWORKS_FOLDER_PATH}/Action.framework",
				"${TARGET_BUILD_DIR}/${FRAMEWORKS_FOLDER_PATH}/Alamofire.framework",
				"${TARGET_BUILD_DIR}/${FRAMEWORKS_FOLDER_PATH}/AlamofireImage.framework",
				"${TARGET_BUILD_DIR}/${FRAMEWORKS_FOLDER_PATH}/ObjcExceptionBridging.framework",
				"${TARGET_BUILD_DIR}/${FRAMEWORKS_FOLDER_PATH}/Rswift.framework",
				"${TARGET_BUILD_DIR}/${FRAMEWORKS_FOLDER_PATH}/RxCocoa.framework",
				"${TARGET_BUILD_DIR}/${FRAMEWORKS_FOLDER_PATH}/RxGesture.framework",
				"${TARGET_BUILD_DIR}/${FRAMEWORKS_FOLDER_PATH}/RxSwift.framework",
				"${TARGET_BUILD_DIR}/${FRAMEWORKS_FOLDER_PATH}/SnapKit.framework",
				"${TARGET_BUILD_DIR}/${FRAMEWORKS_FOLDER_PATH}/XCGLogger.framework",
			);
			runOnlyForDeploymentPostprocessing = 0;
			shellPath = /bin/sh;
			shellScript = "\"${SRCROOT}/Pods/Target Support Files/Pods-MoviesViewer/Pods-MoviesViewer-frameworks.sh\"\n";
			showEnvVarsInLog = 0;
		};
/* End PBXShellScriptBuildPhase section */

/* Begin PBXSourcesBuildPhase section */
		07D8519A225DF86B003709E8 /* Sources */ = {
			isa = PBXSourcesBuildPhase;
			buildActionMask = 2147483647;
			files = (
				0778F0FF225E13AF00820327 /* AppCoordinator.swift in Sources */,
				0778F0F4225E023E00820327 /* XCGLogger+cl.swift in Sources */,
				0778F106225E1BA600820327 /* R.generated.swift in Sources */,
				0778F0EC225E023E00820327 /* MVVM.swift in Sources */,
				0778F0F8225E023E00820327 /* UIViewController+cl.swift in Sources */,
				0778F0E8225E023E00820327 /* WaitPresenter.swift in Sources */,
				0778F0F6225E023E00820327 /* UIApplication+cl.swift in Sources */,
				0778F103225E1B2700820327 /* AppManagersConsumer.swift in Sources */,
				0778F0EA225E023E00820327 /* OverlayViewController.swift in Sources */,
				0778F0ED225E023E00820327 /* AppError.swift in Sources */,
				0778F119225E1CC700820327 /* MoviesListViewModel.swift in Sources */,
				0778F118225E1CC700820327 /* MoviesListViewController.swift in Sources */,
				0778F0F1225E023E00820327 /* BaseMVVMCoordinator.swift in Sources */,
				0778F0EF225E023E00820327 /* BaseMVVMViewController.swift in Sources */,
				0778F116225E1CC700820327 /* MoviesListCoordinator.swift in Sources */,
				0778F0EB225E023E00820327 /* CustomBaseControl.swift in Sources */,
				0778F0F5225E023E00820327 /* UIResponder+cl.swift in Sources */,
				0778F0F2225E023E00820327 /* BaseMVVMTabViewController.swift in Sources */,
				0778F0F9225E023E00820327 /* BaseSettings.swift in Sources */,
				07D851A2225DF86B003709E8 /* AppDelegate.swift in Sources */,
				0778F0EE225E023E00820327 /* MVP.swift in Sources */,
				0778F0E9225E023E00820327 /* WaitViewController.swift in Sources */,
				0778F102225E1B2700820327 /* AppManagers.swift in Sources */,
				0778F0FA225E023E00820327 /* Settings.swift in Sources */,
				0778F0F0225E023E00820327 /* BaseMVVMViewModel.swift in Sources */,
				0778F0F7225E023E00820327 /* UITextField+rx.swift in Sources */,
			);
			runOnlyForDeploymentPostprocessing = 0;
		};
		07D851AE225DF86D003709E8 /* Sources */ = {
			isa = PBXSourcesBuildPhase;
			buildActionMask = 2147483647;
			files = (
				07D851B7225DF86D003709E8 /* MoviesViewerTests.swift in Sources */,
			);
			runOnlyForDeploymentPostprocessing = 0;
		};
/* End PBXSourcesBuildPhase section */

/* Begin PBXTargetDependency section */
		07D851B4225DF86D003709E8 /* PBXTargetDependency */ = {
			isa = PBXTargetDependency;
			target = 07D8519D225DF86B003709E8 /* MoviesViewer */;
			targetProxy = 07D851B3225DF86D003709E8 /* PBXContainerItemProxy */;
		};
/* End PBXTargetDependency section */

/* Begin XCBuildConfiguration section */
		07D851B9225DF86D003709E8 /* Debug */ = {
			isa = XCBuildConfiguration;
			buildSettings = {
				ALWAYS_SEARCH_USER_PATHS = NO;
				CLANG_ANALYZER_NONNULL = YES;
				CLANG_ANALYZER_NUMBER_OBJECT_CONVERSION = YES_AGGRESSIVE;
				CLANG_CXX_LANGUAGE_STANDARD = "gnu++14";
				CLANG_CXX_LIBRARY = "libc++";
				CLANG_ENABLE_MODULES = YES;
				CLANG_ENABLE_OBJC_ARC = YES;
				CLANG_ENABLE_OBJC_WEAK = YES;
				CLANG_WARN_BLOCK_CAPTURE_AUTORELEASING = YES;
				CLANG_WARN_BOOL_CONVERSION = YES;
				CLANG_WARN_COMMA = YES;
				CLANG_WARN_CONSTANT_CONVERSION = YES;
				CLANG_WARN_DEPRECATED_OBJC_IMPLEMENTATIONS = YES;
				CLANG_WARN_DIRECT_OBJC_ISA_USAGE = YES_ERROR;
				CLANG_WARN_DOCUMENTATION_COMMENTS = YES;
				CLANG_WARN_EMPTY_BODY = YES;
				CLANG_WARN_ENUM_CONVERSION = YES;
				CLANG_WARN_INFINITE_RECURSION = YES;
				CLANG_WARN_INT_CONVERSION = YES;
				CLANG_WARN_NON_LITERAL_NULL_CONVERSION = YES;
				CLANG_WARN_OBJC_IMPLICIT_RETAIN_SELF = YES;
				CLANG_WARN_OBJC_LITERAL_CONVERSION = YES;
				CLANG_WARN_OBJC_ROOT_CLASS = YES_ERROR;
				CLANG_WARN_RANGE_LOOP_ANALYSIS = YES;
				CLANG_WARN_STRICT_PROTOTYPES = YES;
				CLANG_WARN_SUSPICIOUS_MOVE = YES;
				CLANG_WARN_UNGUARDED_AVAILABILITY = YES_AGGRESSIVE;
				CLANG_WARN_UNREACHABLE_CODE = YES;
				CLANG_WARN__DUPLICATE_METHOD_MATCH = YES;
				CODE_SIGN_IDENTITY = "iPhone Developer";
				COPY_PHASE_STRIP = NO;
				DEBUG_INFORMATION_FORMAT = dwarf;
				ENABLE_STRICT_OBJC_MSGSEND = YES;
				ENABLE_TESTABILITY = YES;
				GCC_C_LANGUAGE_STANDARD = gnu11;
				GCC_DYNAMIC_NO_PIC = NO;
				GCC_NO_COMMON_BLOCKS = YES;
				GCC_OPTIMIZATION_LEVEL = 0;
				GCC_PREPROCESSOR_DEFINITIONS = (
					"DEBUG=1",
					"$(inherited)",
				);
				GCC_WARN_64_TO_32_BIT_CONVERSION = YES;
				GCC_WARN_ABOUT_RETURN_TYPE = YES_ERROR;
				GCC_WARN_UNDECLARED_SELECTOR = YES;
				GCC_WARN_UNINITIALIZED_AUTOS = YES_AGGRESSIVE;
				GCC_WARN_UNUSED_FUNCTION = YES;
				GCC_WARN_UNUSED_VARIABLE = YES;
				IPHONEOS_DEPLOYMENT_TARGET = 12.2;
				MTL_ENABLE_DEBUG_INFO = INCLUDE_SOURCE;
				MTL_FAST_MATH = YES;
				ONLY_ACTIVE_ARCH = YES;
				SDKROOT = iphoneos;
				SWIFT_ACTIVE_COMPILATION_CONDITIONS = DEBUG;
				SWIFT_OPTIMIZATION_LEVEL = "-Onone";
			};
			name = Debug;
		};
		07D851BA225DF86D003709E8 /* Release */ = {
			isa = XCBuildConfiguration;
			buildSettings = {
				ALWAYS_SEARCH_USER_PATHS = NO;
				CLANG_ANALYZER_NONNULL = YES;
				CLANG_ANALYZER_NUMBER_OBJECT_CONVERSION = YES_AGGRESSIVE;
				CLANG_CXX_LANGUAGE_STANDARD = "gnu++14";
				CLANG_CXX_LIBRARY = "libc++";
				CLANG_ENABLE_MODULES = YES;
				CLANG_ENABLE_OBJC_ARC = YES;
				CLANG_ENABLE_OBJC_WEAK = YES;
				CLANG_WARN_BLOCK_CAPTURE_AUTORELEASING = YES;
				CLANG_WARN_BOOL_CONVERSION = YES;
				CLANG_WARN_COMMA = YES;
				CLANG_WARN_CONSTANT_CONVERSION = YES;
				CLANG_WARN_DEPRECATED_OBJC_IMPLEMENTATIONS = YES;
				CLANG_WARN_DIRECT_OBJC_ISA_USAGE = YES_ERROR;
				CLANG_WARN_DOCUMENTATION_COMMENTS = YES;
				CLANG_WARN_EMPTY_BODY = YES;
				CLANG_WARN_ENUM_CONVERSION = YES;
				CLANG_WARN_INFINITE_RECURSION = YES;
				CLANG_WARN_INT_CONVERSION = YES;
				CLANG_WARN_NON_LITERAL_NULL_CONVERSION = YES;
				CLANG_WARN_OBJC_IMPLICIT_RETAIN_SELF = YES;
				CLANG_WARN_OBJC_LITERAL_CONVERSION = YES;
				CLANG_WARN_OBJC_ROOT_CLASS = YES_ERROR;
				CLANG_WARN_RANGE_LOOP_ANALYSIS = YES;
				CLANG_WARN_STRICT_PROTOTYPES = YES;
				CLANG_WARN_SUSPICIOUS_MOVE = YES;
				CLANG_WARN_UNGUARDED_AVAILABILITY = YES_AGGRESSIVE;
				CLANG_WARN_UNREACHABLE_CODE = YES;
				CLANG_WARN__DUPLICATE_METHOD_MATCH = YES;
				CODE_SIGN_IDENTITY = "iPhone Developer";
				COPY_PHASE_STRIP = NO;
				DEBUG_INFORMATION_FORMAT = "dwarf-with-dsym";
				ENABLE_NS_ASSERTIONS = NO;
				ENABLE_STRICT_OBJC_MSGSEND = YES;
				GCC_C_LANGUAGE_STANDARD = gnu11;
				GCC_NO_COMMON_BLOCKS = YES;
				GCC_WARN_64_TO_32_BIT_CONVERSION = YES;
				GCC_WARN_ABOUT_RETURN_TYPE = YES_ERROR;
				GCC_WARN_UNDECLARED_SELECTOR = YES;
				GCC_WARN_UNINITIALIZED_AUTOS = YES_AGGRESSIVE;
				GCC_WARN_UNUSED_FUNCTION = YES;
				GCC_WARN_UNUSED_VARIABLE = YES;
				IPHONEOS_DEPLOYMENT_TARGET = 12.2;
				MTL_ENABLE_DEBUG_INFO = NO;
				MTL_FAST_MATH = YES;
				SDKROOT = iphoneos;
				SWIFT_COMPILATION_MODE = wholemodule;
				SWIFT_OPTIMIZATION_LEVEL = "-O";
				VALIDATE_PRODUCT = YES;
			};
			name = Release;
		};
		07D851BC225DF86D003709E8 /* Debug */ = {
			isa = XCBuildConfiguration;
			baseConfigurationReference = 5A2DDF6D89CF7BD234130892 /* Pods-MoviesViewer.debug.xcconfig */;
			buildSettings = {
				ASSETCATALOG_COMPILER_APPICON_NAME = AppIcon;
				CODE_SIGN_STYLE = Automatic;
				DEVELOPMENT_TEAM = 7T6W8PZZ9E;
				INFOPLIST_FILE = MoviesViewer/Info.plist;
				LD_RUNPATH_SEARCH_PATHS = (
					"$(inherited)",
					"@executable_path/Frameworks",
				);
				PRODUCT_BUNDLE_IDENTIFIER = com.solocez.moviesviewer.MoviesViewer;
				PRODUCT_NAME = "$(TARGET_NAME)";
				SWIFT_VERSION = 4.2;
				TARGETED_DEVICE_FAMILY = "1,2";
			};
			name = Debug;
		};
		07D851BD225DF86D003709E8 /* Release */ = {
			isa = XCBuildConfiguration;
			baseConfigurationReference = 5E81D968BCB7255E1F48BB3C /* Pods-MoviesViewer.release.xcconfig */;
			buildSettings = {
				ASSETCATALOG_COMPILER_APPICON_NAME = AppIcon;
				CODE_SIGN_STYLE = Automatic;
				DEVELOPMENT_TEAM = 7T6W8PZZ9E;
				INFOPLIST_FILE = MoviesViewer/Info.plist;
				LD_RUNPATH_SEARCH_PATHS = (
					"$(inherited)",
					"@executable_path/Frameworks",
				);
				PRODUCT_BUNDLE_IDENTIFIER = com.solocez.moviesviewer.MoviesViewer;
				PRODUCT_NAME = "$(TARGET_NAME)";
				SWIFT_VERSION = 4.2;
				TARGETED_DEVICE_FAMILY = "1,2";
			};
			name = Release;
		};
		07D851BF225DF86D003709E8 /* Debug */ = {
			isa = XCBuildConfiguration;
			baseConfigurationReference = CC7E989492EB69239C29E30F /* Pods-MoviesViewerTests.debug.xcconfig */;
			buildSettings = {
				ALWAYS_EMBED_SWIFT_STANDARD_LIBRARIES = YES;
				BUNDLE_LOADER = "$(TEST_HOST)";
				CODE_SIGN_STYLE = Automatic;
				DEVELOPMENT_TEAM = 7T6W8PZZ9E;
				INFOPLIST_FILE = MoviesViewerTests/Info.plist;
				LD_RUNPATH_SEARCH_PATHS = (
					"$(inherited)",
					"@executable_path/Frameworks",
					"@loader_path/Frameworks",
				);
				PRODUCT_BUNDLE_IDENTIFIER = com.solocez.moviesviewer.MoviesViewerTests;
				PRODUCT_NAME = "$(TARGET_NAME)";
				SWIFT_VERSION = 5.0;
				TARGETED_DEVICE_FAMILY = "1,2";
				TEST_HOST = "$(BUILT_PRODUCTS_DIR)/MoviesViewer.app/MoviesViewer";
			};
			name = Debug;
		};
		07D851C0225DF86D003709E8 /* Release */ = {
			isa = XCBuildConfiguration;
			baseConfigurationReference = 3FAF684C7E51F4CA63D3FFE9 /* Pods-MoviesViewerTests.release.xcconfig */;
			buildSettings = {
				ALWAYS_EMBED_SWIFT_STANDARD_LIBRARIES = YES;
				BUNDLE_LOADER = "$(TEST_HOST)";
				CODE_SIGN_STYLE = Automatic;
				DEVELOPMENT_TEAM = 7T6W8PZZ9E;
				INFOPLIST_FILE = MoviesViewerTests/Info.plist;
				LD_RUNPATH_SEARCH_PATHS = (
					"$(inherited)",
					"@executable_path/Frameworks",
					"@loader_path/Frameworks",
				);
				PRODUCT_BUNDLE_IDENTIFIER = com.solocez.moviesviewer.MoviesViewerTests;
				PRODUCT_NAME = "$(TARGET_NAME)";
				SWIFT_VERSION = 5.0;
				TARGETED_DEVICE_FAMILY = "1,2";
				TEST_HOST = "$(BUILT_PRODUCTS_DIR)/MoviesViewer.app/MoviesViewer";
			};
			name = Release;
		};
/* End XCBuildConfiguration section */

/* Begin XCConfigurationList section */
		07D85199225DF86B003709E8 /* Build configuration list for PBXProject "MoviesViewer" */ = {
			isa = XCConfigurationList;
			buildConfigurations = (
				07D851B9225DF86D003709E8 /* Debug */,
				07D851BA225DF86D003709E8 /* Release */,
			);
			defaultConfigurationIsVisible = 0;
			defaultConfigurationName = Release;
		};
		07D851BB225DF86D003709E8 /* Build configuration list for PBXNativeTarget "MoviesViewer" */ = {
			isa = XCConfigurationList;
			buildConfigurations = (
				07D851BC225DF86D003709E8 /* Debug */,
				07D851BD225DF86D003709E8 /* Release */,
			);
			defaultConfigurationIsVisible = 0;
			defaultConfigurationName = Release;
		};
		07D851BE225DF86D003709E8 /* Build configuration list for PBXNativeTarget "MoviesViewerTests" */ = {
			isa = XCConfigurationList;
			buildConfigurations = (
				07D851BF225DF86D003709E8 /* Debug */,
				07D851C0225DF86D003709E8 /* Release */,
			);
			defaultConfigurationIsVisible = 0;
			defaultConfigurationName = Release;
		};
/* End XCConfigurationList section */
	};
	rootObject = 07D85196225DF86B003709E8 /* Project object */;
}
